
Microsoft Visual Studio Solution File, Format Version 12.00
# Visual Studio Version 17
VisualStudioVersion = 17.0.31903.59
MinimumVisualStudioVersion = 10.0.40219.1
Project("{2150E333-8FDC-42A3-9474-1A3956D46DE8}") = "src", "src", "{85526961-9490-4EF8-96FC-C95B6F5D102E}"
EndProject
Project("{FAE04EC0-301F-11D3-BF4B-00C04F79EFBC}") = "TraceFlow.Domain", "src\TraceFlow.Domain\TraceFlow.Domain.csproj", "{1C2D18BE-7982-4060-B5AF-55F46EE8F0E2}"
EndProject
Project("{FAE04EC0-301F-11D3-BF4B-00C04F79EFBC}") = "TraceFlow.Application", "src\TraceFlow.Application\TraceFlow.Application.csproj", "{59B40380-EE31-4371-B1AE-6A2D451D2617}"
EndProject
Project("{FAE04EC0-301F-11D3-BF4B-00C04F79EFBC}") = "TraceFlow.Infrastructure", "src\TraceFlow.Infrastructure\TraceFlow.Infrastructure.csproj", "{54E661CC-F9DB-47F8-B49D-0E5A4C6AFF12}"
EndProject
Project("{FAE04EC0-301F-11D3-BF4B-00C04F79EFBC}") = "TraceFlow.Api", "src\TraceFlow.Api\TraceFlow.Api.csproj", "{8F791088-70B3-4523-9973-735EB0A2E458}"
EndProject
Project("{FAE04EC0-301F-11D3-BF4B-00C04F79EFBC}") = "TraceFlow.Tests", "src\TraceFlow.Tests\TraceFlow.Tests.csproj", "{728F5520-CD6A-4038-809F-5B252BE7B214}"
EndProject
Global
	GlobalSection(SolutionConfigurationPlatforms) = preSolution
		Debug|Any CPU = Debug|Any CPU
		Release|Any CPU = Release|Any CPU
	EndGlobalSection
	GlobalSection(SolutionProperties) = preSolution
		HideSolutionNode = FALSE
	EndGlobalSection
	GlobalSection(ProjectConfigurationPlatforms) = postSolution
		{1C2D18BE-7982-4060-B5AF-55F46EE8F0E2}.Debug|Any CPU.ActiveCfg = Debug|Any CPU
		{1C2D18BE-7982-4060-B5AF-55F46EE8F0E2}.Debug|Any CPU.Build.0 = Debug|Any CPU
		{1C2D18BE-7982-4060-B5AF-55F46EE8F0E2}.Release|Any CPU.ActiveCfg = Release|Any CPU
		{1C2D18BE-7982-4060-B5AF-55F46EE8F0E2}.Release|Any CPU.Build.0 = Release|Any CPU
		{59B40380-EE31-4371-B1AE-6A2D451D2617}.Debug|Any CPU.ActiveCfg = Debug|Any CPU
		{59B40380-EE31-4371-B1AE-6A2D451D2617}.Debug|Any CPU.Build.0 = Debug|Any CPU
		{59B40380-EE31-4371-B1AE-6A2D451D2617}.Release|Any CPU.ActiveCfg = Release|Any CPU
		{59B40380-EE31-4371-B1AE-6A2D451D2617}.Release|Any CPU.Build.0 = Release|Any CPU
		{54E661CC-F9DB-47F8-B49D-0E5A4C6AFF12}.Debug|Any CPU.ActiveCfg = Debug|Any CPU
		{54E661CC-F9DB-47F8-B49D-0E5A4C6AFF12}.Debug|Any CPU.Build.0 = Debug|Any CPU
		{54E661CC-F9DB-47F8-B49D-0E5A4C6AFF12}.Release|Any CPU.ActiveCfg = Release|Any CPU
		{54E661CC-F9DB-47F8-B49D-0E5A4C6AFF12}.Release|Any CPU.Build.0 = Release|Any CPU
		{8F791088-70B3-4523-9973-735EB0A2E458}.Debug|Any CPU.ActiveCfg = Debug|Any CPU
		{8F791088-70B3-4523-9973-735EB0A2E458}.Debug|Any CPU.Build.0 = Debug|Any CPU
		{8F791088-70B3-4523-9973-735EB0A2E458}.Release|Any CPU.ActiveCfg = Release|Any CPU
		{8F791088-70B3-4523-9973-735EB0A2E458}.Release|Any CPU.Build.0 = Release|Any CPU
		{728F5520-CD6A-4038-809F-5B252BE7B214}.Debug|Any CPU.ActiveCfg = Debug|Any CPU
		{728F5520-CD6A-4038-809F-5B252BE7B214}.Debug|Any CPU.Build.0 = Debug|Any CPU
		{728F5520-CD6A-4038-809F-5B252BE7B214}.Release|Any CPU.ActiveCfg = Release|Any CPU
		{728F5520-CD6A-4038-809F-5B252BE7B214}.Release|Any CPU.Build.0 = Release|Any CPU
	EndGlobalSection
	GlobalSection(NestedProjects) = preSolution
		{1C2D18BE-7982-4060-B5AF-55F46EE8F0E2} = {85526961-9490-4EF8-96FC-C95B6F5D102E}
		{59B40380-EE31-4371-B1AE-6A2D451D2617} = {85526961-9490-4EF8-96FC-C95B6F5D102E}
		{54E661CC-F9DB-47F8-B49D-0E5A4C6AFF12} = {85526961-9490-4EF8-96FC-C95B6F5D102E}
		{8F791088-70B3-4523-9973-735EB0A2E458} = {85526961-9490-4EF8-96FC-C95B6F5D102E}
		{728F5520-CD6A-4038-809F-5B252BE7B214} = {85526961-9490-4EF8-96FC-C95B6F5D102E}
	EndGlobalSection
EndGlobal
